
Microsoft Visual Studio Solution File, Format Version 12.00
# Visual Studio Version 17
VisualStudioVersion = 17.11.35303.130
MinimumVisualStudioVersion = 10.0.40219.1
Project("{FAE04EC0-301F-11D3-BF4B-00C04F79EFBC}") = "midlabqs3", "midlabqs3\midlabqs3.csproj", "{4B818A4E-3A51-4A90-B178-27CF5B6E69FD}"
EndProject
Global
	GlobalSection(SolutionConfigurationPlatforms) = preSolution
		Debug|Any CPU = Debug|Any CPU
		Release|Any CPU = Release|Any CPU
	EndGlobalSection
	GlobalSection(ProjectConfigurationPlatforms) = postSolution
		{4B818A4E-3A51-4A90-B178-27CF5B6E69FD}.Debug|Any CPU.ActiveCfg = Debug|Any CPU
		{4B818A4E-3A51-4A90-B178-27CF5B6E69FD}.Debug|Any CPU.Build.0 = Debug|Any CPU
		{4B818A4E-3A51-4A90-B178-27CF5B6E69FD}.Release|Any CPU.ActiveCfg = Release|Any CPU
		{4B818A4E-3A51-4A90-B178-27CF5B6E69FD}.Release|Any CPU.Build.0 = Release|Any CPU
	EndGlobalSection
	GlobalSection(SolutionProperties) = preSolution
		HideSolutionNode = FALSE
	EndGlobalSection
	GlobalSection(ExtensibilityGlobals) = postSolution
		SolutionGuid = {31B5B071-7982-47CD-9496-757BEDCDE585}
	EndGlobalSection
EndGlobal
